
Microsoft Visual Studio Solution File, Format Version 12.00
# Visual Studio Version 17
VisualStudioVersion = 17.5.33530.505
MinimumVisualStudioVersion = 10.0.40219.1
Project("{FAE04EC0-301F-11D3-BF4B-00C04F79EFBC}") = "BizzlandApp", "BizzlandApp\BizzlandApp.csproj", "{787238F7-E167-4466-B016-0E2444AF714D}"
EndProject
Global
	GlobalSection(SolutionConfigurationPlatforms) = preSolution
		Debug|Any CPU = Debug|Any CPU
		Release|Any CPU = Release|Any CPU
	EndGlobalSection
	GlobalSection(ProjectConfigurationPlatforms) = postSolution
		{787238F7-E167-4466-B016-0E2444AF714D}.Debug|Any CPU.ActiveCfg = Debug|Any CPU
		{787238F7-E167-4466-B016-0E2444AF714D}.Debug|Any CPU.Build.0 = Debug|Any CPU
		{787238F7-E167-4466-B016-0E2444AF714D}.Release|Any CPU.ActiveCfg = Release|Any CPU
		{787238F7-E167-4466-B016-0E2444AF714D}.Release|Any CPU.Build.0 = Release|Any CPU
	EndGlobalSection
	GlobalSection(SolutionProperties) = preSolution
		HideSolutionNode = FALSE
	EndGlobalSection
	GlobalSection(ExtensibilityGlobals) = postSolution
		SolutionGuid = {A146D099-1EBB-4E00-AA8D-09561AD71A70}
	EndGlobalSection
EndGlobal
